
Microsoft Visual Studio Solution File, Format Version 12.00
# Visual Studio Version 16
VisualStudioVersion = 16.0.31829.152
MinimumVisualStudioVersion = 10.0.40219.1
Project("{FAE04EC0-301F-11D3-BF4B-00C04F79EFBC}") = "Assignment12", "Assignment12\Assignment12.csproj", "{685AB8BA-31C0-419F-A1EC-695774CFE99F}"
EndProject
Global
	GlobalSection(SolutionConfigurationPlatforms) = preSolution
		Debug|Any CPU = Debug|Any CPU
		Release|Any CPU = Release|Any CPU
	EndGlobalSection
	GlobalSection(ProjectConfigurationPlatforms) = postSolution
		{685AB8BA-31C0-419F-A1EC-695774CFE99F}.Debug|Any CPU.ActiveCfg = Debug|Any CPU
		{685AB8BA-31C0-419F-A1EC-695774CFE99F}.Debug|Any CPU.Build.0 = Debug|Any CPU
		{685AB8BA-31C0-419F-A1EC-695774CFE99F}.Release|Any CPU.ActiveCfg = Release|Any CPU
		{685AB8BA-31C0-419F-A1EC-695774CFE99F}.Release|Any CPU.Build.0 = Release|Any CPU
	EndGlobalSection
	GlobalSection(SolutionProperties) = preSolution
		HideSolutionNode = FALSE
	EndGlobalSection
	GlobalSection(ExtensibilityGlobals) = postSolution
		SolutionGuid = {54DCF7D6-5DFE-42A1-A6B3-D9EE4FC450C7}
	EndGlobalSection
EndGlobal
